
Microsoft Visual Studio Solution File, Format Version 12.00
# Visual Studio Version 17
VisualStudioVersion = 17.9.34622.214
MinimumVisualStudioVersion = 10.0.40219.1
Project("{FAE04EC0-301F-11D3-BF4B-00C04F79EFBC}") = "Luna", "Luna\Luna.csproj", "{36594257-B553-4214-8147-7262727DBDB2}"
EndProject
Global
	GlobalSection(SolutionConfigurationPlatforms) = preSolution
		Debug|Any CPU = Debug|Any CPU
		Release|Any CPU = Release|Any CPU
	EndGlobalSection
	GlobalSection(ProjectConfigurationPlatforms) = postSolution
		{36594257-B553-4214-8147-7262727DBDB2}.Debug|Any CPU.ActiveCfg = Debug|Any CPU
		{36594257-B553-4214-8147-7262727DBDB2}.Debug|Any CPU.Build.0 = Debug|Any CPU
		{36594257-B553-4214-8147-7262727DBDB2}.Release|Any CPU.ActiveCfg = Release|Any CPU
		{36594257-B553-4214-8147-7262727DBDB2}.Release|Any CPU.Build.0 = Release|Any CPU
	EndGlobalSection
	GlobalSection(SolutionProperties) = preSolution
		HideSolutionNode = FALSE
	EndGlobalSection
	GlobalSection(ExtensibilityGlobals) = postSolution
		SolutionGuid = {1AA7ADCA-84A9-44CE-8C1C-D5241A546F50}
	EndGlobalSection
EndGlobal
